
Microsoft Visual Studio Solution File, Format Version 12.00
# Visual Studio Version 16
VisualStudioVersion = 16.0.31321.278
MinimumVisualStudioVersion = 10.0.40219.1
Project("{8BC9CEB8-8B4A-11D0-8D11-00A0C91BC942}") = "GeneratorDate", "GeneratorDate\GeneratorDate.vcxproj", "{8AE65DB6-FD6B-4332-96B7-5187E014BBAC}"
EndProject
Global
	GlobalSection(SolutionConfigurationPlatforms) = preSolution
		Debug|x64 = Debug|x64
		Debug|x86 = Debug|x86
		Release|x64 = Release|x64
		Release|x86 = Release|x86
	EndGlobalSection
	GlobalSection(ProjectConfigurationPlatforms) = postSolution
		{8AE65DB6-FD6B-4332-96B7-5187E014BBAC}.Debug|x64.ActiveCfg = Debug|x64
		{8AE65DB6-FD6B-4332-96B7-5187E014BBAC}.Debug|x64.Build.0 = Debug|x64
		{8AE65DB6-FD6B-4332-96B7-5187E014BBAC}.Debug|x86.ActiveCfg = Debug|Win32
		{8AE65DB6-FD6B-4332-96B7-5187E014BBAC}.Debug|x86.Build.0 = Debug|Win32
		{8AE65DB6-FD6B-4332-96B7-5187E014BBAC}.Release|x64.ActiveCfg = Release|x64
		{8AE65DB6-FD6B-4332-96B7-5187E014BBAC}.Release|x64.Build.0 = Release|x64
		{8AE65DB6-FD6B-4332-96B7-5187E014BBAC}.Release|x86.ActiveCfg = Release|Win32
		{8AE65DB6-FD6B-4332-96B7-5187E014BBAC}.Release|x86.Build.0 = Release|Win32
	EndGlobalSection
	GlobalSection(SolutionProperties) = preSolution
		HideSolutionNode = FALSE
	EndGlobalSection
	GlobalSection(ExtensibilityGlobals) = postSolution
		SolutionGuid = {67F5B1FB-6B9E-4EE8-AE0E-94D2397EE8C4}
	EndGlobalSection
EndGlobal
